
Microsoft Visual Studio Solution File, Format Version 12.00
# Visual Studio Version 17
VisualStudioVersion = 17.14.36930.0
MinimumVisualStudioVersion = 10.0.40219.1
Project("{FAE04EC0-301F-11D3-BF4B-00C04F79EFBC}") = "TestSystem.Core", "TestSystem.Core\TestSystem.Core.csproj", "{36EE4D0F-264B-4838-839D-99E921F7E96C}"
EndProject
Project("{FAE04EC0-301F-11D3-BF4B-00C04F79EFBC}") = "TestSystem.Infrastructure", "TestSystem.Infrastructure\TestSystem.Infrastructure.csproj", "{500B6EBF-CD3C-4E94-9F3F-7EB6A1F36AA8}"
EndProject
Project("{FAE04EC0-301F-11D3-BF4B-00C04F79EFBC}") = "TestSystem.Steps", "TestSystem.Steps\TestSystem.Steps.csproj", "{9740F418-897A-49FA-8AD4-93D508398C97}"
EndProject
Project("{FAE04EC0-301F-11D3-BF4B-00C04F79EFBC}") = "TestSystem.UI", "TestSystem.UI\TestSystem.UI.csproj", "{AFEF8EFF-06F8-403F-A7D9-4AEAE78ADA93}"
EndProject
Global
	GlobalSection(SolutionConfigurationPlatforms) = preSolution
		Debug|Any CPU = Debug|Any CPU
		Release|Any CPU = Release|Any CPU
	EndGlobalSection
	GlobalSection(ProjectConfigurationPlatforms) = postSolution
		{36EE4D0F-264B-4838-839D-99E921F7E96C}.Debug|Any CPU.ActiveCfg = Debug|Any CPU
		{36EE4D0F-264B-4838-839D-99E921F7E96C}.Debug|Any CPU.Build.0 = Debug|Any CPU
		{36EE4D0F-264B-4838-839D-99E921F7E96C}.Release|Any CPU.ActiveCfg = Release|Any CPU
		{36EE4D0F-264B-4838-839D-99E921F7E96C}.Release|Any CPU.Build.0 = Release|Any CPU
		{500B6EBF-CD3C-4E94-9F3F-7EB6A1F36AA8}.Debug|Any CPU.ActiveCfg = Debug|Any CPU
		{500B6EBF-CD3C-4E94-9F3F-7EB6A1F36AA8}.Debug|Any CPU.Build.0 = Debug|Any CPU
		{500B6EBF-CD3C-4E94-9F3F-7EB6A1F36AA8}.Release|Any CPU.ActiveCfg = Release|Any CPU
		{500B6EBF-CD3C-4E94-9F3F-7EB6A1F36AA8}.Release|Any CPU.Build.0 = Release|Any CPU
		{9740F418-897A-49FA-8AD4-93D508398C97}.Debug|Any CPU.ActiveCfg = Debug|Any CPU
		{9740F418-897A-49FA-8AD4-93D508398C97}.Debug|Any CPU.Build.0 = Debug|Any CPU
		{9740F418-897A-49FA-8AD4-93D508398C97}.Release|Any CPU.ActiveCfg = Release|Any CPU
		{9740F418-897A-49FA-8AD4-93D508398C97}.Release|Any CPU.Build.0 = Release|Any CPU
		{AFEF8EFF-06F8-403F-A7D9-4AEAE78ADA93}.Debug|Any CPU.ActiveCfg = Debug|Any CPU
		{AFEF8EFF-06F8-403F-A7D9-4AEAE78ADA93}.Debug|Any CPU.Build.0 = Debug|Any CPU
		{AFEF8EFF-06F8-403F-A7D9-4AEAE78ADA93}.Release|Any CPU.ActiveCfg = Release|Any CPU
		{AFEF8EFF-06F8-403F-A7D9-4AEAE78ADA93}.Release|Any CPU.Build.0 = Release|Any CPU
	EndGlobalSection
	GlobalSection(SolutionProperties) = preSolution
		HideSolutionNode = FALSE
	EndGlobalSection
	GlobalSection(ExtensibilityGlobals) = postSolution
		SolutionGuid = {79603C38-8D76-465A-80CB-2910D3757E4D}
	EndGlobalSection
EndGlobal
